
Microsoft Visual Studio Solution File, Format Version 12.00
# Visual Studio 15
Project("{FAE04EC0-301F-11D3-BF4B-00C04F79EFBC}") = "Assembly-CSharp", "Assembly-CSharp.csproj", "{DF07E541-6DD2-6DEF-21DF-90FFC61E62D7}"
EndProject
Project("{FAE04EC0-301F-11D3-BF4B-00C04F79EFBC}") = "PhotonUnityNetworking.Demos", "PhotonUnityNetworking.Demos.csproj", "{09BDB622-D512-27C2-D6BC-2EBC40DF3B6D}"
EndProject
Project("{FAE04EC0-301F-11D3-BF4B-00C04F79EFBC}") = "PhotonUnityNetworking.Utilities", "PhotonUnityNetworking.Utilities.csproj", "{03AF62DD-EA9F-E12C-A383-5D5A9CA7386D}"
EndProject
Project("{FAE04EC0-301F-11D3-BF4B-00C04F79EFBC}") = "PhotonChat", "PhotonChat.csproj", "{DF61B272-9F89-8FC7-AF7E-0FCCDA7E57C4}"
EndProject
Project("{FAE04EC0-301F-11D3-BF4B-00C04F79EFBC}") = "PhotonUnityNetworking", "PhotonUnityNetworking.csproj", "{E01DCBD9-80C2-AE9B-53B1-E581CFADB1C9}"
EndProject
Project("{FAE04EC0-301F-11D3-BF4B-00C04F79EFBC}") = "PhotonRealtime", "PhotonRealtime.csproj", "{BDAF53A0-29A3-86B3-4D3D-48F25CDB23BD}"
EndProject
Project("{FAE04EC0-301F-11D3-BF4B-00C04F79EFBC}") = "Assembly-CSharp-firstpass", "Assembly-CSharp-firstpass.csproj", "{63ED63AD-1036-8334-1B53-30E592022515}"
EndProject
Project("{FAE04EC0-301F-11D3-BF4B-00C04F79EFBC}") = "PhotonWebSocket", "PhotonWebSocket.csproj", "{286B13DF-6525-F49C-0670-8D16FD071884}"
EndProject
Project("{FAE04EC0-301F-11D3-BF4B-00C04F79EFBC}") = "Assembly-CSharp-Editor-firstpass", "Assembly-CSharp-Editor-firstpass.csproj", "{9646D76C-C617-A4CB-7D0F-A61FCCC7AB3A}"
EndProject
Project("{FAE04EC0-301F-11D3-BF4B-00C04F79EFBC}") = "PhotonUnityNetworking.Editor", "PhotonUnityNetworking.Editor.csproj", "{ABD451CA-51A7-B593-34A7-602532E9273E}"
EndProject
Project("{FAE04EC0-301F-11D3-BF4B-00C04F79EFBC}") = "PunDemos.DemoHubEditor", "PunDemos.DemoHubEditor.csproj", "{715A8C16-88F3-F1C7-1ED7-137770E8DBB7}"
EndProject
Project("{FAE04EC0-301F-11D3-BF4B-00C04F79EFBC}") = "PhotonUnityNetworking.Utilities.PhotonPlayer.Editor", "PhotonUnityNetworking.Utilities.PhotonPlayer.Editor.csproj", "{0D3A6DF5-0BB1-E10C-AD2A-906A2C3C4252}"
EndProject
Project("{FAE04EC0-301F-11D3-BF4B-00C04F79EFBC}") = "Assembly-CSharp-Editor", "Assembly-CSharp-Editor.csproj", "{51165139-4A5C-742A-86C0-CBFC9DBE6403}"
EndProject
Project("{FAE04EC0-301F-11D3-BF4B-00C04F79EFBC}") = "PhotonUnityNetworking.Utilities.Culling.Editor", "PhotonUnityNetworking.Utilities.Culling.Editor.csproj", "{69CC3B16-8E65-AAB9-5144-44BD4D0AFC73}"
EndProject
Project("{FAE04EC0-301F-11D3-BF4B-00C04F79EFBC}") = "PunDemos.DemoSlotcarEditor", "PunDemos.DemoSlotcarEditor.csproj", "{408B9E8B-7A4A-2B9E-DCC1-9AEBE87A4771}"
EndProject
Global
	GlobalSection(SolutionConfigurationPlatforms) = preSolution
		Debug|Any CPU = Debug|Any CPU
		Release|Any CPU = Release|Any CPU
	EndGlobalSection
	GlobalSection(ProjectConfigurationPlatforms) = postSolution
		{DF07E541-6DD2-6DEF-21DF-90FFC61E62D7}.Debug|Any CPU.ActiveCfg = Debug|Any CPU
		{DF07E541-6DD2-6DEF-21DF-90FFC61E62D7}.Debug|Any CPU.Build.0 = Debug|Any CPU
		{DF07E541-6DD2-6DEF-21DF-90FFC61E62D7}.Release|Any CPU.ActiveCfg = Release|Any CPU
		{DF07E541-6DD2-6DEF-21DF-90FFC61E62D7}.Release|Any CPU.Build.0 = Release|Any CPU
		{09BDB622-D512-27C2-D6BC-2EBC40DF3B6D}.Debug|Any CPU.ActiveCfg = Debug|Any CPU
		{09BDB622-D512-27C2-D6BC-2EBC40DF3B6D}.Debug|Any CPU.Build.0 = Debug|Any CPU
		{09BDB622-D512-27C2-D6BC-2EBC40DF3B6D}.Release|Any CPU.ActiveCfg = Release|Any CPU
		{09BDB622-D512-27C2-D6BC-2EBC40DF3B6D}.Release|Any CPU.Build.0 = Release|Any CPU
		{03AF62DD-EA9F-E12C-A383-5D5A9CA7386D}.Debug|Any CPU.ActiveCfg = Debug|Any CPU
		{03AF62DD-EA9F-E12C-A383-5D5A9CA7386D}.Debug|Any CPU.Build.0 = Debug|Any CPU
		{03AF62DD-EA9F-E12C-A383-5D5A9CA7386D}.Release|Any CPU.ActiveCfg = Release|Any CPU
		{03AF62DD-EA9F-E12C-A383-5D5A9CA7386D}.Release|Any CPU.Build.0 = Release|Any CPU
		{DF61B272-9F89-8FC7-AF7E-0FCCDA7E57C4}.Debug|Any CPU.ActiveCfg = Debug|Any CPU
		{DF61B272-9F89-8FC7-AF7E-0FCCDA7E57C4}.Debug|Any CPU.Build.0 = Debug|Any CPU
		{DF61B272-9F89-8FC7-AF7E-0FCCDA7E57C4}.Release|Any CPU.ActiveCfg = Release|Any CPU
		{DF61B272-9F89-8FC7-AF7E-0FCCDA7E57C4}.Release|Any CPU.Build.0 = Release|Any CPU
		{E01DCBD9-80C2-AE9B-53B1-E581CFADB1C9}.Debug|Any CPU.ActiveCfg = Debug|Any CPU
		{E01DCBD9-80C2-AE9B-53B1-E581CFADB1C9}.Debug|Any CPU.Build.0 = Debug|Any CPU
		{E01DCBD9-80C2-AE9B-53B1-E581CFADB1C9}.Release|Any CPU.ActiveCfg = Release|Any CPU
		{E01DCBD9-80C2-AE9B-53B1-E581CFADB1C9}.Release|Any CPU.Build.0 = Release|Any CPU
		{BDAF53A0-29A3-86B3-4D3D-48F25CDB23BD}.Debug|Any CPU.ActiveCfg = Debug|Any CPU
		{BDAF53A0-29A3-86B3-4D3D-48F25CDB23BD}.Debug|Any CPU.Build.0 = Debug|Any CPU
		{BDAF53A0-29A3-86B3-4D3D-48F25CDB23BD}.Release|Any CPU.ActiveCfg = Release|Any CPU
		{BDAF53A0-29A3-86B3-4D3D-48F25CDB23BD}.Release|Any CPU.Build.0 = Release|Any CPU
		{63ED63AD-1036-8334-1B53-30E592022515}.Debug|Any CPU.ActiveCfg = Debug|Any CPU
		{63ED63AD-1036-8334-1B53-30E592022515}.Debug|Any CPU.Build.0 = Debug|Any CPU
		{63ED63AD-1036-8334-1B53-30E592022515}.Release|Any CPU.ActiveCfg = Release|Any CPU
		{63ED63AD-1036-8334-1B53-30E592022515}.Release|Any CPU.Build.0 = Release|Any CPU
		{286B13DF-6525-F49C-0670-8D16FD071884}.Debug|Any CPU.ActiveCfg = Debug|Any CPU
		{286B13DF-6525-F49C-0670-8D16FD071884}.Debug|Any CPU.Build.0 = Debug|Any CPU
		{286B13DF-6525-F49C-0670-8D16FD071884}.Release|Any CPU.ActiveCfg = Release|Any CPU
		{286B13DF-6525-F49C-0670-8D16FD071884}.Release|Any CPU.Build.0 = Release|Any CPU
		{9646D76C-C617-A4CB-7D0F-A61FCCC7AB3A}.Debug|Any CPU.ActiveCfg = Debug|Any CPU
		{9646D76C-C617-A4CB-7D0F-A61FCCC7AB3A}.Debug|Any CPU.Build.0 = Debug|Any CPU
		{9646D76C-C617-A4CB-7D0F-A61FCCC7AB3A}.Release|Any CPU.ActiveCfg = Release|Any CPU
		{9646D76C-C617-A4CB-7D0F-A61FCCC7AB3A}.Release|Any CPU.Build.0 = Release|Any CPU
		{ABD451CA-51A7-B593-34A7-602532E9273E}.Debug|Any CPU.ActiveCfg = Debug|Any CPU
		{ABD451CA-51A7-B593-34A7-602532E9273E}.Debug|Any CPU.Build.0 = Debug|Any CPU
		{ABD451CA-51A7-B593-34A7-602532E9273E}.Release|Any CPU.ActiveCfg = Release|Any CPU
		{ABD451CA-51A7-B593-34A7-602532E9273E}.Release|Any CPU.Build.0 = Release|Any CPU
		{715A8C16-88F3-F1C7-1ED7-137770E8DBB7}.Debug|Any CPU.ActiveCfg = Debug|Any CPU
		{715A8C16-88F3-F1C7-1ED7-137770E8DBB7}.Debug|Any CPU.Build.0 = Debug|Any CPU
		{715A8C16-88F3-F1C7-1ED7-137770E8DBB7}.Release|Any CPU.ActiveCfg = Release|Any CPU
		{715A8C16-88F3-F1C7-1ED7-137770E8DBB7}.Release|Any CPU.Build.0 = Release|Any CPU
		{0D3A6DF5-0BB1-E10C-AD2A-906A2C3C4252}.Debug|Any CPU.ActiveCfg = Debug|Any CPU
		{0D3A6DF5-0BB1-E10C-AD2A-906A2C3C4252}.Debug|Any CPU.Build.0 = Debug|Any CPU
		{0D3A6DF5-0BB1-E10C-AD2A-906A2C3C4252}.Release|Any CPU.ActiveCfg = Release|Any CPU
		{0D3A6DF5-0BB1-E10C-AD2A-906A2C3C4252}.Release|Any CPU.Build.0 = Release|Any CPU
		{51165139-4A5C-742A-86C0-CBFC9DBE6403}.Debug|Any CPU.ActiveCfg = Debug|Any CPU
		{51165139-4A5C-742A-86C0-CBFC9DBE6403}.Debug|Any CPU.Build.0 = Debug|Any CPU
		{51165139-4A5C-742A-86C0-CBFC9DBE6403}.Release|Any CPU.ActiveCfg = Release|Any CPU
		{51165139-4A5C-742A-86C0-CBFC9DBE6403}.Release|Any CPU.Build.0 = Release|Any CPU
		{69CC3B16-8E65-AAB9-5144-44BD4D0AFC73}.Debug|Any CPU.ActiveCfg = Debug|Any CPU
		{69CC3B16-8E65-AAB9-5144-44BD4D0AFC73}.Debug|Any CPU.Build.0 = Debug|Any CPU
		{69CC3B16-8E65-AAB9-5144-44BD4D0AFC73}.Release|Any CPU.ActiveCfg = Release|Any CPU
		{69CC3B16-8E65-AAB9-5144-44BD4D0AFC73}.Release|Any CPU.Build.0 = Release|Any CPU
		{408B9E8B-7A4A-2B9E-DCC1-9AEBE87A4771}.Debug|Any CPU.ActiveCfg = Debug|Any CPU
		{408B9E8B-7A4A-2B9E-DCC1-9AEBE87A4771}.Debug|Any CPU.Build.0 = Debug|Any CPU
		{408B9E8B-7A4A-2B9E-DCC1-9AEBE87A4771}.Release|Any CPU.ActiveCfg = Release|Any CPU
		{408B9E8B-7A4A-2B9E-DCC1-9AEBE87A4771}.Release|Any CPU.Build.0 = Release|Any CPU
	EndGlobalSection
	GlobalSection(SolutionProperties) = preSolution
		HideSolutionNode = FALSE
	EndGlobalSection
EndGlobal
